
Microsoft Visual Studio Solution File, Format Version 12.00
# Visual Studio 15
VisualStudioVersion = 15.0.27130.2036
MinimumVisualStudioVersion = 10.0.40219.1
Project("{9A19103F-16F7-4668-BE54-9A1E7A4F7556}") = "SlackJax", "SlackJax\SlackJax.csproj", "{5DAF727E-D157-430D-862F-6F1E4DB5DC4E}"
EndProject
Project("{FAE04EC0-301F-11D3-BF4B-00C04F79EFBC}") = "Renderer", "Renderer\Renderer.csproj", "{A796982F-D256-47FA-8F16-5516F6424931}"
EndProject
Project("{FAE04EC0-301F-11D3-BF4B-00C04F79EFBC}") = "RendererSpecs", "RendererSpecs\RendererSpecs.csproj", "{F1A4DA8E-BBB8-4E94-BFFA-F1D5298640C8}"
EndProject
Global
	GlobalSection(SolutionConfigurationPlatforms) = preSolution
		Debug|Any CPU = Debug|Any CPU
		Release|Any CPU = Release|Any CPU
	EndGlobalSection
	GlobalSection(ProjectConfigurationPlatforms) = postSolution
		{5DAF727E-D157-430D-862F-6F1E4DB5DC4E}.Debug|Any CPU.ActiveCfg = Debug|Any CPU
		{5DAF727E-D157-430D-862F-6F1E4DB5DC4E}.Debug|Any CPU.Build.0 = Debug|Any CPU
		{5DAF727E-D157-430D-862F-6F1E4DB5DC4E}.Release|Any CPU.ActiveCfg = Release|Any CPU
		{5DAF727E-D157-430D-862F-6F1E4DB5DC4E}.Release|Any CPU.Build.0 = Release|Any CPU
		{A796982F-D256-47FA-8F16-5516F6424931}.Debug|Any CPU.ActiveCfg = Debug|Any CPU
		{A796982F-D256-47FA-8F16-5516F6424931}.Debug|Any CPU.Build.0 = Debug|Any CPU
		{A796982F-D256-47FA-8F16-5516F6424931}.Release|Any CPU.ActiveCfg = Release|Any CPU
		{A796982F-D256-47FA-8F16-5516F6424931}.Release|Any CPU.Build.0 = Release|Any CPU
		{F1A4DA8E-BBB8-4E94-BFFA-F1D5298640C8}.Debug|Any CPU.ActiveCfg = Debug|Any CPU
		{F1A4DA8E-BBB8-4E94-BFFA-F1D5298640C8}.Debug|Any CPU.Build.0 = Debug|Any CPU
		{F1A4DA8E-BBB8-4E94-BFFA-F1D5298640C8}.Release|Any CPU.ActiveCfg = Release|Any CPU
		{F1A4DA8E-BBB8-4E94-BFFA-F1D5298640C8}.Release|Any CPU.Build.0 = Release|Any CPU
	EndGlobalSection
	GlobalSection(SolutionProperties) = preSolution
		HideSolutionNode = FALSE
	EndGlobalSection
	GlobalSection(ExtensibilityGlobals) = postSolution
		SolutionGuid = {A054FE08-F9D2-44D4-BCE2-01A11B3ABEDC}
	EndGlobalSection
EndGlobal
